// !$*UTF8*$!
{
	archiveVersion = 1;
	classes = {
	};
	objectVersion = 52;
	objects = {

/* Begin PBXBuildFile section */
		309A104393084FAEA8E2FF02 /* Pods_Desafio_PicPay_iOS_v2.framework in Frameworks */ = {isa = PBXBuildFile; fileRef = 707FC7558D302943DB0924C4 /* Pods_Desafio_PicPay_iOS_v2.framework */; };
		B68EC74224DDCDD000E449F1 /* AppDelegate.swift in Sources */ = {isa = PBXBuildFile; fileRef = B68EC74124DDCDD000E449F1 /* AppDelegate.swift */; };
		B68EC74424DDCDD000E449F1 /* SceneDelegate.swift in Sources */ = {isa = PBXBuildFile; fileRef = B68EC74324DDCDD000E449F1 /* SceneDelegate.swift */; };
		B68EC74624DDCDD000E449F1 /* ContatosViewController.swift in Sources */ = {isa = PBXBuildFile; fileRef = B68EC74524DDCDD000E449F1 /* ContatosViewController.swift */; };
		B68EC74924DDCDD000E449F1 /* Main.storyboard in Resources */ = {isa = PBXBuildFile; fileRef = B68EC74724DDCDD000E449F1 /* Main.storyboard */; };
		B68EC74B24DDCDD300E449F1 /* Assets.xcassets in Resources */ = {isa = PBXBuildFile; fileRef = B68EC74A24DDCDD300E449F1 /* Assets.xcassets */; };
		B68EC74E24DDCDD300E449F1 /* LaunchScreen.storyboard in Resources */ = {isa = PBXBuildFile; fileRef = B68EC74C24DDCDD300E449F1 /* LaunchScreen.storyboard */; };
		B68EC75A24DDD17800E449F1 /* Contact.swift in Sources */ = {isa = PBXBuildFile; fileRef = B68EC75924DDD17800E449F1 /* Contact.swift */; };
		B68EC75D24DDFCC600E449F1 /* IQKeyboardManagerSwift in Frameworks */ = {isa = PBXBuildFile; productRef = B68EC75C24DDFCC600E449F1 /* IQKeyboardManagerSwift */; };
		B68EC76024DDFCE800E449F1 /* TextFieldEffects in Frameworks */ = {isa = PBXBuildFile; productRef = B68EC75F24DDFCE800E449F1 /* TextFieldEffects */; };
		B68EC76224DE023500E449F1 /* CreditCard.swift in Sources */ = {isa = PBXBuildFile; fileRef = B68EC76124DE023500E449F1 /* CreditCard.swift */; };
		B68EC77024DE443200E449F1 /* NavigationBar.swift in Sources */ = {isa = PBXBuildFile; fileRef = B68EC76F24DE443200E449F1 /* NavigationBar.swift */; };
/* End PBXBuildFile section */

/* Begin PBXFileReference section */
		66C7BEDD09D2B0CB382847E2 /* Pods-Desafio-PicPay-iOS-v2.debug.xcconfig */ = {isa = PBXFileReference; includeInIndex = 1; lastKnownFileType = text.xcconfig; name = "Pods-Desafio-PicPay-iOS-v2.debug.xcconfig"; path = "Target Support Files/Pods-Desafio-PicPay-iOS-v2/Pods-Desafio-PicPay-iOS-v2.debug.xcconfig"; sourceTree = "<group>"; };
		707FC7558D302943DB0924C4 /* Pods_Desafio_PicPay_iOS_v2.framework */ = {isa = PBXFileReference; explicitFileType = wrapper.framework; includeInIndex = 0; path = Pods_Desafio_PicPay_iOS_v2.framework; sourceTree = BUILT_PRODUCTS_DIR; };
		B68EC73E24DDCDD000E449F1 /* Desafio-PicPay-iOS-v2.app */ = {isa = PBXFileReference; explicitFileType = wrapper.application; includeInIndex = 0; path = "Desafio-PicPay-iOS-v2.app"; sourceTree = BUILT_PRODUCTS_DIR; };
		B68EC74124DDCDD000E449F1 /* AppDelegate.swift */ = {isa = PBXFileReference; lastKnownFileType = sourcecode.swift; path = AppDelegate.swift; sourceTree = "<group>"; };
		B68EC74324DDCDD000E449F1 /* SceneDelegate.swift */ = {isa = PBXFileReference; lastKnownFileType = sourcecode.swift; path = SceneDelegate.swift; sourceTree = "<group>"; };
		B68EC74524DDCDD000E449F1 /* ContatosViewController.swift */ = {isa = PBXFileReference; lastKnownFileType = sourcecode.swift; path = ContatosViewController.swift; sourceTree = "<group>"; };
		B68EC74824DDCDD000E449F1 /* Base */ = {isa = PBXFileReference; lastKnownFileType = file.storyboard; name = Base; path = Base.lproj/Main.storyboard; sourceTree = "<group>"; };
		B68EC74A24DDCDD300E449F1 /* Assets.xcassets */ = {isa = PBXFileReference; lastKnownFileType = folder.assetcatalog; path = Assets.xcassets; sourceTree = "<group>"; };
		B68EC74D24DDCDD300E449F1 /* Base */ = {isa = PBXFileReference; lastKnownFileType = file.storyboard; name = Base; path = Base.lproj/LaunchScreen.storyboard; sourceTree = "<group>"; };
		B68EC74F24DDCDD300E449F1 /* Info.plist */ = {isa = PBXFileReference; lastKnownFileType = text.plist.xml; path = Info.plist; sourceTree = "<group>"; };
		B68EC75924DDD17800E449F1 /* Contact.swift */ = {isa = PBXFileReference; lastKnownFileType = sourcecode.swift; path = Contact.swift; sourceTree = "<group>"; };
		B68EC76124DE023500E449F1 /* CreditCard.swift */ = {isa = PBXFileReference; lastKnownFileType = sourcecode.swift; path = CreditCard.swift; sourceTree = "<group>"; };
		B68EC76F24DE443200E449F1 /* NavigationBar.swift */ = {isa = PBXFileReference; lastKnownFileType = sourcecode.swift; path = NavigationBar.swift; sourceTree = "<group>"; };
		E604DE9EA3C86DF92A627DB7 /* Pods-Desafio-PicPay-iOS-v2.release.xcconfig */ = {isa = PBXFileReference; includeInIndex = 1; lastKnownFileType = text.xcconfig; name = "Pods-Desafio-PicPay-iOS-v2.release.xcconfig"; path = "Target Support Files/Pods-Desafio-PicPay-iOS-v2/Pods-Desafio-PicPay-iOS-v2.release.xcconfig"; sourceTree = "<group>"; };
/* End PBXFileReference section */

/* Begin PBXFrameworksBuildPhase section */
		B68EC73B24DDCDD000E449F1 /* Frameworks */ = {
			isa = PBXFrameworksBuildPhase;
			buildActionMask = 2147483647;
			files = (
				B68EC75D24DDFCC600E449F1 /* IQKeyboardManagerSwift in Frameworks */,
				B68EC76024DDFCE800E449F1 /* TextFieldEffects in Frameworks */,
				309A104393084FAEA8E2FF02 /* Pods_Desafio_PicPay_iOS_v2.framework in Frameworks */,
			);
			runOnlyForDeploymentPostprocessing = 0;
		};
/* End PBXFrameworksBuildPhase section */

/* Begin PBXGroup section */
		3B52FD238F978A3239BFF5F8 /* Pods */ = {
			isa = PBXGroup;
			children = (
				66C7BEDD09D2B0CB382847E2 /* Pods-Desafio-PicPay-iOS-v2.debug.xcconfig */,
				E604DE9EA3C86DF92A627DB7 /* Pods-Desafio-PicPay-iOS-v2.release.xcconfig */,
			);
			path = Pods;
			sourceTree = "<group>";
		};
		B68EC73524DDCDD000E449F1 = {
			isa = PBXGroup;
			children = (
				B68EC74024DDCDD000E449F1 /* Desafio-PicPay-iOS-v2 */,
				B68EC73F24DDCDD000E449F1 /* Products */,
				3B52FD238F978A3239BFF5F8 /* Pods */,
				DAB2023DD705D3030607528E /* Frameworks */,
			);
			sourceTree = "<group>";
		};
		B68EC73F24DDCDD000E449F1 /* Products */ = {
			isa = PBXGroup;
			children = (
				B68EC73E24DDCDD000E449F1 /* Desafio-PicPay-iOS-v2.app */,
			);
			name = Products;
			sourceTree = "<group>";
		};
		B68EC74024DDCDD000E449F1 /* Desafio-PicPay-iOS-v2 */ = {
			isa = PBXGroup;
			children = (
				B68EC75824DDCEFE00E449F1 /* Model Data */,
				B68EC75624DDCEEA00E449F1 /* View */,
				B68EC75724DDCEF400E449F1 /* Controller */,
				B68EC75524DDCEBE00E449F1 /* Supporting Files */,
			);
			path = "Desafio-PicPay-iOS-v2";
			sourceTree = "<group>";
		};
		B68EC75524DDCEBE00E449F1 /* Supporting Files */ = {
			isa = PBXGroup;
			children = (
				B68EC74124DDCDD000E449F1 /* AppDelegate.swift */,
				B68EC74324DDCDD000E449F1 /* SceneDelegate.swift */,
				B68EC74A24DDCDD300E449F1 /* Assets.xcassets */,
				B68EC74C24DDCDD300E449F1 /* LaunchScreen.storyboard */,
				B68EC74F24DDCDD300E449F1 /* Info.plist */,
			);
			path = "Supporting Files";
			sourceTree = "<group>";
		};
		B68EC75624DDCEEA00E449F1 /* View */ = {
			isa = PBXGroup;
			children = (
				B68EC74724DDCDD000E449F1 /* Main.storyboard */,
			);
			path = View;
			sourceTree = "<group>";
		};
		B68EC75724DDCEF400E449F1 /* Controller */ = {
			isa = PBXGroup;
			children = (
				B68EC74524DDCDD000E449F1 /* ContatosViewController.swift */,
				B68EC76C24DE3DA200E449F1 /* Others */,
			);
			path = Controller;
			sourceTree = "<group>";
		};
		B68EC75824DDCEFE00E449F1 /* Model Data */ = {
			isa = PBXGroup;
			children = (
				B68EC75924DDD17800E449F1 /* Contact.swift */,
				B68EC76124DE023500E449F1 /* CreditCard.swift */,
			);
			path = "Model Data";
			sourceTree = "<group>";
		};
		B68EC76C24DE3DA200E449F1 /* Others */ = {
			isa = PBXGroup;
			children = (
				B68EC76F24DE443200E449F1 /* NavigationBar.swift */,
			);
			path = Others;
			sourceTree = "<group>";
		};
		DAB2023DD705D3030607528E /* Frameworks */ = {
			isa = PBXGroup;
			children = (
				707FC7558D302943DB0924C4 /* Pods_Desafio_PicPay_iOS_v2.framework */,
			);
			name = Frameworks;
			sourceTree = "<group>";
		};
/* End PBXGroup section */

/* Begin PBXNativeTarget section */
		B68EC73D24DDCDD000E449F1 /* Desafio-PicPay-iOS-v2 */ = {
			isa = PBXNativeTarget;
			buildConfigurationList = B68EC75224DDCDD300E449F1 /* Build configuration list for PBXNativeTarget "Desafio-PicPay-iOS-v2" */;
			buildPhases = (
				19B804C66569979341127004 /* [CP] Check Pods Manifest.lock */,
				B68EC73A24DDCDD000E449F1 /* Sources */,
				B68EC73B24DDCDD000E449F1 /* Frameworks */,
				B68EC73C24DDCDD000E449F1 /* Resources */,
				B68EC76924DE294D00E449F1 /* SwiftLint */,
				46A1D60EB279097EA9D3EA6C /* [CP] Embed Pods Frameworks */,
			);
			buildRules = (
			);
			dependencies = (
			);
			name = "Desafio-PicPay-iOS-v2";
			packageProductDependencies = (
				B68EC75C24DDFCC600E449F1 /* IQKeyboardManagerSwift */,
				B68EC75F24DDFCE800E449F1 /* TextFieldEffects */,
			);
			productName = "Desafio-PicPay-iOS-v2";
			productReference = B68EC73E24DDCDD000E449F1 /* Desafio-PicPay-iOS-v2.app */;
			productType = "com.apple.product-type.application";
		};
/* End PBXNativeTarget section */

/* Begin PBXProject section */
		B68EC73624DDCDD000E449F1 /* Project object */ = {
			isa = PBXProject;
			attributes = {
				LastSwiftUpdateCheck = 1160;
				LastUpgradeCheck = 1160;
				ORGANIZATIONNAME = "Kelvin Batista Machado";
				TargetAttributes = {
					B68EC73D24DDCDD000E449F1 = {
						CreatedOnToolsVersion = 11.6;
					};
				};
			};
			buildConfigurationList = B68EC73924DDCDD000E449F1 /* Build configuration list for PBXProject "Desafio-PicPay-iOS-v2" */;
			compatibilityVersion = "Xcode 9.3";
			developmentRegion = en;
			hasScannedForEncodings = 0;
			knownRegions = (
				en,
				Base,
			);
			mainGroup = B68EC73524DDCDD000E449F1;
			packageReferences = (
				B68EC75B24DDFCC600E449F1 /* XCRemoteSwiftPackageReference "IQKeyboardManager" */,
				B68EC75E24DDFCE800E449F1 /* XCRemoteSwiftPackageReference "TextFieldEffects" */,
			);
			productRefGroup = B68EC73F24DDCDD000E449F1 /* Products */;
			projectDirPath = "";
			projectRoot = "";
			targets = (
				B68EC73D24DDCDD000E449F1 /* Desafio-PicPay-iOS-v2 */,
			);
		};
/* End PBXProject section */

/* Begin PBXResourcesBuildPhase section */
		B68EC73C24DDCDD000E449F1 /* Resources */ = {
			isa = PBXResourcesBuildPhase;
			buildActionMask = 2147483647;
			files = (
				B68EC74E24DDCDD300E449F1 /* LaunchScreen.storyboard in Resources */,
				B68EC74B24DDCDD300E449F1 /* Assets.xcassets in Resources */,
				B68EC74924DDCDD000E449F1 /* Main.storyboard in Resources */,
			);
			runOnlyForDeploymentPostprocessing = 0;
		};
/* End PBXResourcesBuildPhase section */

/* Begin PBXShellScriptBuildPhase section */
		19B804C66569979341127004 /* [CP] Check Pods Manifest.lock */ = {
			isa = PBXShellScriptBuildPhase;
			buildActionMask = 2147483647;
			files = (
			);
			inputFileListPaths = (
			);
			inputPaths = (
				"${PODS_PODFILE_DIR_PATH}/Podfile.lock",
				"${PODS_ROOT}/Manifest.lock",
			);
			name = "[CP] Check Pods Manifest.lock";
			outputFileListPaths = (
			);
			outputPaths = (
				"$(DERIVED_FILE_DIR)/Pods-Desafio-PicPay-iOS-v2-checkManifestLockResult.txt",
			);
			runOnlyForDeploymentPostprocessing = 0;
			shellPath = /bin/sh;
			shellScript = "diff \"${PODS_PODFILE_DIR_PATH}/Podfile.lock\" \"${PODS_ROOT}/Manifest.lock\" > /dev/null\nif [ $? != 0 ] ; then\n    # print error to STDERR\n    echo \"error: The sandbox is not in sync with the Podfile.lock. Run 'pod install' or update your CocoaPods installation.\" >&2\n    exit 1\nfi\n# This output is used by Xcode 'outputs' to avoid re-running this script phase.\necho \"SUCCESS\" > \"${SCRIPT_OUTPUT_FILE_0}\"\n";
			showEnvVarsInLog = 0;
		};
		46A1D60EB279097EA9D3EA6C /* [CP] Embed Pods Frameworks */ = {
			isa = PBXShellScriptBuildPhase;
			buildActionMask = 2147483647;
			files = (
			);
			inputFileListPaths = (
				"${PODS_ROOT}/Target Support Files/Pods-Desafio-PicPay-iOS-v2/Pods-Desafio-PicPay-iOS-v2-frameworks-${CONFIGURATION}-input-files.xcfilelist",
			);
			name = "[CP] Embed Pods Frameworks";
			outputFileListPaths = (
				"${PODS_ROOT}/Target Support Files/Pods-Desafio-PicPay-iOS-v2/Pods-Desafio-PicPay-iOS-v2-frameworks-${CONFIGURATION}-output-files.xcfilelist",
			);
			runOnlyForDeploymentPostprocessing = 0;
			shellPath = /bin/sh;
			shellScript = "\"${PODS_ROOT}/Target Support Files/Pods-Desafio-PicPay-iOS-v2/Pods-Desafio-PicPay-iOS-v2-frameworks.sh\"\n";
			showEnvVarsInLog = 0;
		};
		B68EC76924DE294D00E449F1 /* SwiftLint */ = {
			isa = PBXShellScriptBuildPhase;
			buildActionMask = 2147483647;
			files = (
			);
			inputFileListPaths = (
			);
			inputPaths = (
			);
			name = SwiftLint;
			outputFileListPaths = (
			);
			outputPaths = (
			);
			runOnlyForDeploymentPostprocessing = 0;
			shellPath = /bin/sh;
			shellScript = "\"${PODS_ROOT}/SwiftLint/swiftlint\"\n";
		};
/* End PBXShellScriptBuildPhase section */

/* Begin PBXSourcesBuildPhase section */
		B68EC73A24DDCDD000E449F1 /* Sources */ = {
			isa = PBXSourcesBuildPhase;
			buildActionMask = 2147483647;
			files = (
				B68EC75A24DDD17800E449F1 /* Contact.swift in Sources */,
				B68EC76224DE023500E449F1 /* CreditCard.swift in Sources */,
				B68EC74624DDCDD000E449F1 /* ContatosViewController.swift in Sources */,
				B68EC74224DDCDD000E449F1 /* AppDelegate.swift in Sources */,
				B68EC74424DDCDD000E449F1 /* SceneDelegate.swift in Sources */,
				B68EC77024DE443200E449F1 /* NavigationBar.swift in Sources */,
			);
			runOnlyForDeploymentPostprocessing = 0;
		};
/* End PBXSourcesBuildPhase section */

/* Begin PBXVariantGroup section */
		B68EC74724DDCDD000E449F1 /* Main.storyboard */ = {
			isa = PBXVariantGroup;
			children = (
				B68EC74824DDCDD000E449F1 /* Base */,
			);
			name = Main.storyboard;
			sourceTree = "<group>";
		};
		B68EC74C24DDCDD300E449F1 /* LaunchScreen.storyboard */ = {
			isa = PBXVariantGroup;
			children = (
				B68EC74D24DDCDD300E449F1 /* Base */,
			);
			name = LaunchScreen.storyboard;
			sourceTree = "<group>";
		};
/* End PBXVariantGroup section */

/* Begin XCBuildConfiguration section */
		B68EC75024DDCDD300E449F1 /* Debug */ = {
			isa = XCBuildConfiguration;
			buildSettings = {
				ALWAYS_SEARCH_USER_PATHS = NO;
				CLANG_ANALYZER_NONNULL = YES;
				CLANG_ANALYZER_NUMBER_OBJECT_CONVERSION = YES_AGGRESSIVE;
				CLANG_CXX_LANGUAGE_STANDARD = "gnu++14";
				CLANG_CXX_LIBRARY = "libc++";
				CLANG_ENABLE_MODULES = YES;
				CLANG_ENABLE_OBJC_ARC = YES;
				CLANG_ENABLE_OBJC_WEAK = YES;
				CLANG_WARN_BLOCK_CAPTURE_AUTORELEASING = YES;
				CLANG_WARN_BOOL_CONVERSION = YES;
				CLANG_WARN_COMMA = YES;
				CLANG_WARN_CONSTANT_CONVERSION = YES;
				CLANG_WARN_DEPRECATED_OBJC_IMPLEMENTATIONS = YES;
				CLANG_WARN_DIRECT_OBJC_ISA_USAGE = YES_ERROR;
				CLANG_WARN_DOCUMENTATION_COMMENTS = YES;
				CLANG_WARN_EMPTY_BODY = YES;
				CLANG_WARN_ENUM_CONVERSION = YES;
				CLANG_WARN_INFINITE_RECURSION = YES;
				CLANG_WARN_INT_CONVERSION = YES;
				CLANG_WARN_NON_LITERAL_NULL_CONVERSION = YES;
				CLANG_WARN_OBJC_IMPLICIT_RETAIN_SELF = YES;
				CLANG_WARN_OBJC_LITERAL_CONVERSION = YES;
				CLANG_WARN_OBJC_ROOT_CLASS = YES_ERROR;
				CLANG_WARN_RANGE_LOOP_ANALYSIS = YES;
				CLANG_WARN_STRICT_PROTOTYPES = YES;
				CLANG_WARN_SUSPICIOUS_MOVE = YES;
				CLANG_WARN_UNGUARDED_AVAILABILITY = YES_AGGRESSIVE;
				CLANG_WARN_UNREACHABLE_CODE = YES;
				CLANG_WARN__DUPLICATE_METHOD_MATCH = YES;
				COPY_PHASE_STRIP = NO;
				DEBUG_INFORMATION_FORMAT = dwarf;
				ENABLE_STRICT_OBJC_MSGSEND = YES;
				ENABLE_TESTABILITY = YES;
				GCC_C_LANGUAGE_STANDARD = gnu11;
				GCC_DYNAMIC_NO_PIC = NO;
				GCC_NO_COMMON_BLOCKS = YES;
				GCC_OPTIMIZATION_LEVEL = 0;
				GCC_PREPROCESSOR_DEFINITIONS = (
					"DEBUG=1",
					"$(inherited)",
				);
				GCC_WARN_64_TO_32_BIT_CONVERSION = YES;
				GCC_WARN_ABOUT_RETURN_TYPE = YES_ERROR;
				GCC_WARN_UNDECLARED_SELECTOR = YES;
				GCC_WARN_UNINITIALIZED_AUTOS = YES_AGGRESSIVE;
				GCC_WARN_UNUSED_FUNCTION = YES;
				GCC_WARN_UNUSED_VARIABLE = YES;
				IPHONEOS_DEPLOYMENT_TARGET = 13.6;
				MTL_ENABLE_DEBUG_INFO = INCLUDE_SOURCE;
				MTL_FAST_MATH = YES;
				ONLY_ACTIVE_ARCH = YES;
				SDKROOT = iphoneos;
				SWIFT_ACTIVE_COMPILATION_CONDITIONS = DEBUG;
				SWIFT_OPTIMIZATION_LEVEL = "-Onone";
			};
			name = Debug;
		};
		B68EC75124DDCDD300E449F1 /* Release */ = {
			isa = XCBuildConfiguration;
			buildSettings = {
				ALWAYS_SEARCH_USER_PATHS = NO;
				CLANG_ANALYZER_NONNULL = YES;
				CLANG_ANALYZER_NUMBER_OBJECT_CONVERSION = YES_AGGRESSIVE;
				CLANG_CXX_LANGUAGE_STANDARD = "gnu++14";
				CLANG_CXX_LIBRARY = "libc++";
				CLANG_ENABLE_MODULES = YES;
				CLANG_ENABLE_OBJC_ARC = YES;
				CLANG_ENABLE_OBJC_WEAK = YES;
				CLANG_WARN_BLOCK_CAPTURE_AUTORELEASING = YES;
				CLANG_WARN_BOOL_CONVERSION = YES;
				CLANG_WARN_COMMA = YES;
				CLANG_WARN_CONSTANT_CONVERSION = YES;
				CLANG_WARN_DEPRECATED_OBJC_IMPLEMENTATIONS = YES;
				CLANG_WARN_DIRECT_OBJC_ISA_USAGE = YES_ERROR;
				CLANG_WARN_DOCUMENTATION_COMMENTS = YES;
				CLANG_WARN_EMPTY_BODY = YES;
				CLANG_WARN_ENUM_CONVERSION = YES;
				CLANG_WARN_INFINITE_RECURSION = YES;
				CLANG_WARN_INT_CONVERSION = YES;
				CLANG_WARN_NON_LITERAL_NULL_CONVERSION = YES;
				CLANG_WARN_OBJC_IMPLICIT_RETAIN_SELF = YES;
				CLANG_WARN_OBJC_LITERAL_CONVERSION = YES;
				CLANG_WARN_OBJC_ROOT_CLASS = YES_ERROR;
				CLANG_WARN_RANGE_LOOP_ANALYSIS = YES;
				CLANG_WARN_STRICT_PROTOTYPES = YES;
				CLANG_WARN_SUSPICIOUS_MOVE = YES;
				CLANG_WARN_UNGUARDED_AVAILABILITY = YES_AGGRESSIVE;
				CLANG_WARN_UNREACHABLE_CODE = YES;
				CLANG_WARN__DUPLICATE_METHOD_MATCH = YES;
				COPY_PHASE_STRIP = NO;
				DEBUG_INFORMATION_FORMAT = "dwarf-with-dsym";
				ENABLE_NS_ASSERTIONS = NO;
				ENABLE_STRICT_OBJC_MSGSEND = YES;
				GCC_C_LANGUAGE_STANDARD = gnu11;
				GCC_NO_COMMON_BLOCKS = YES;
				GCC_WARN_64_TO_32_BIT_CONVERSION = YES;
				GCC_WARN_ABOUT_RETURN_TYPE = YES_ERROR;
				GCC_WARN_UNDECLARED_SELECTOR = YES;
				GCC_WARN_UNINITIALIZED_AUTOS = YES_AGGRESSIVE;
				GCC_WARN_UNUSED_FUNCTION = YES;
				GCC_WARN_UNUSED_VARIABLE = YES;
				IPHONEOS_DEPLOYMENT_TARGET = 13.6;
				MTL_ENABLE_DEBUG_INFO = NO;
				MTL_FAST_MATH = YES;
				SDKROOT = iphoneos;
				SWIFT_COMPILATION_MODE = wholemodule;
				SWIFT_OPTIMIZATION_LEVEL = "-O";
				VALIDATE_PRODUCT = YES;
			};
			name = Release;
		};
		B68EC75324DDCDD300E449F1 /* Debug */ = {
			isa = XCBuildConfiguration;
			baseConfigurationReference = 66C7BEDD09D2B0CB382847E2 /* Pods-Desafio-PicPay-iOS-v2.debug.xcconfig */;
			buildSettings = {
				ASSETCATALOG_COMPILER_APPICON_NAME = AppIcon;
				CODE_SIGN_STYLE = Automatic;
				DEVELOPMENT_TEAM = 2FXPMLN8LH;
				INFOPLIST_FILE = "Desafio-PicPay-iOS-v2/Supporting Files/Info.plist";
				LD_RUNPATH_SEARCH_PATHS = (
					"$(inherited)",
					"@executable_path/Frameworks",
				);
				PRODUCT_BUNDLE_IDENTIFIER = "com.projects.kelvinmachado.Desafio-PicPay-iOS-v2";
				PRODUCT_NAME = "$(TARGET_NAME)";
				SWIFT_VERSION = 5.0;
				TARGETED_DEVICE_FAMILY = "1,2";
			};
			name = Debug;
		};
		B68EC75424DDCDD300E449F1 /* Release */ = {
			isa = XCBuildConfiguration;
			baseConfigurationReference = E604DE9EA3C86DF92A627DB7 /* Pods-Desafio-PicPay-iOS-v2.release.xcconfig */;
			buildSettings = {
				ASSETCATALOG_COMPILER_APPICON_NAME = AppIcon;
				CODE_SIGN_STYLE = Automatic;
				DEVELOPMENT_TEAM = 2FXPMLN8LH;
				INFOPLIST_FILE = "Desafio-PicPay-iOS-v2/Supporting Files/Info.plist";
				LD_RUNPATH_SEARCH_PATHS = (
					"$(inherited)",
					"@executable_path/Frameworks",
				);
				PRODUCT_BUNDLE_IDENTIFIER = "com.projects.kelvinmachado.Desafio-PicPay-iOS-v2";
				PRODUCT_NAME = "$(TARGET_NAME)";
				SWIFT_VERSION = 5.0;
				TARGETED_DEVICE_FAMILY = "1,2";
			};
			name = Release;
		};
/* End XCBuildConfiguration section */

/* Begin XCConfigurationList section */
		B68EC73924DDCDD000E449F1 /* Build configuration list for PBXProject "Desafio-PicPay-iOS-v2" */ = {
			isa = XCConfigurationList;
			buildConfigurations = (
				B68EC75024DDCDD300E449F1 /* Debug */,
				B68EC75124DDCDD300E449F1 /* Release */,
			);
			defaultConfigurationIsVisible = 0;
			defaultConfigurationName = Release;
		};
		B68EC75224DDCDD300E449F1 /* Build configuration list for PBXNativeTarget "Desafio-PicPay-iOS-v2" */ = {
			isa = XCConfigurationList;
			buildConfigurations = (
				B68EC75324DDCDD300E449F1 /* Debug */,
				B68EC75424DDCDD300E449F1 /* Release */,
			);
			defaultConfigurationIsVisible = 0;
			defaultConfigurationName = Release;
		};
/* End XCConfigurationList section */

/* Begin XCRemoteSwiftPackageReference section */
		B68EC75B24DDFCC600E449F1 /* XCRemoteSwiftPackageReference "IQKeyboardManager" */ = {
			isa = XCRemoteSwiftPackageReference;
			repositoryURL = "https://github.com/hackiftekhar/IQKeyboardManager.git";
			requirement = {
				kind = upToNextMajorVersion;
				minimumVersion = 6.5.6;
			};
		};
		B68EC75E24DDFCE800E449F1 /* XCRemoteSwiftPackageReference "TextFieldEffects" */ = {
			isa = XCRemoteSwiftPackageReference;
			repositoryURL = "https://github.com/raulriera/TextFieldEffects.git";
			requirement = {
				kind = upToNextMajorVersion;
				minimumVersion = 1.7.0;
			};
		};
/* End XCRemoteSwiftPackageReference section */

/* Begin XCSwiftPackageProductDependency section */
		B68EC75C24DDFCC600E449F1 /* IQKeyboardManagerSwift */ = {
			isa = XCSwiftPackageProductDependency;
			package = B68EC75B24DDFCC600E449F1 /* XCRemoteSwiftPackageReference "IQKeyboardManager" */;
			productName = IQKeyboardManagerSwift;
		};
		B68EC75F24DDFCE800E449F1 /* TextFieldEffects */ = {
			isa = XCSwiftPackageProductDependency;
			package = B68EC75E24DDFCE800E449F1 /* XCRemoteSwiftPackageReference "TextFieldEffects" */;
			productName = TextFieldEffects;
		};
/* End XCSwiftPackageProductDependency section */
	};
	rootObject = B68EC73624DDCDD000E449F1 /* Project object */;
}
